
Microsoft Visual Studio Solution File, Format Version 12.00
# Visual Studio Version 17
VisualStudioVersion = 17.5.33424.131
MinimumVisualStudioVersion = 10.0.40219.1
Project("{FAE04EC0-301F-11D3-BF4B-00C04F79EFBC}") = "MinimalJwt", "MinimalJwt\MinimalJwt.csproj", "{14565C83-7C04-4EC3-9028-A3A17767F176}"
EndProject
Global
	GlobalSection(SolutionConfigurationPlatforms) = preSolution
		Debug|Any CPU = Debug|Any CPU
		Release|Any CPU = Release|Any CPU
	EndGlobalSection
	GlobalSection(ProjectConfigurationPlatforms) = postSolution
		{14565C83-7C04-4EC3-9028-A3A17767F176}.Debug|Any CPU.ActiveCfg = Debug|Any CPU
		{14565C83-7C04-4EC3-9028-A3A17767F176}.Debug|Any CPU.Build.0 = Debug|Any CPU
		{14565C83-7C04-4EC3-9028-A3A17767F176}.Release|Any CPU.ActiveCfg = Release|Any CPU
		{14565C83-7C04-4EC3-9028-A3A17767F176}.Release|Any CPU.Build.0 = Release|Any CPU
	EndGlobalSection
	GlobalSection(SolutionProperties) = preSolution
		HideSolutionNode = FALSE
	EndGlobalSection
	GlobalSection(ExtensibilityGlobals) = postSolution
		SolutionGuid = {C15FDBA8-DC71-472C-BB75-27A650555C9A}
	EndGlobalSection
EndGlobal
